
Microsoft Visual Studio Solution File, Format Version 12.00
# Visual Studio Version 17
VisualStudioVersion = 17.4.33403.182
MinimumVisualStudioVersion = 10.0.40219.1
Project("{FAE04EC0-301F-11D3-BF4B-00C04F79EFBC}") = "WebApplication3", "WebApplication3\WebApplication3.csproj", "{AD07B9FF-3DCD-4161-BBC6-727A3EDA3276}"
EndProject
Global
	GlobalSection(SolutionConfigurationPlatforms) = preSolution
		Debug|Any CPU = Debug|Any CPU
		Release|Any CPU = Release|Any CPU
	EndGlobalSection
	GlobalSection(ProjectConfigurationPlatforms) = postSolution
		{AD07B9FF-3DCD-4161-BBC6-727A3EDA3276}.Debug|Any CPU.ActiveCfg = Debug|Any CPU
		{AD07B9FF-3DCD-4161-BBC6-727A3EDA3276}.Debug|Any CPU.Build.0 = Debug|Any CPU
		{AD07B9FF-3DCD-4161-BBC6-727A3EDA3276}.Release|Any CPU.ActiveCfg = Release|Any CPU
		{AD07B9FF-3DCD-4161-BBC6-727A3EDA3276}.Release|Any CPU.Build.0 = Release|Any CPU
	EndGlobalSection
	GlobalSection(SolutionProperties) = preSolution
		HideSolutionNode = FALSE
	EndGlobalSection
	GlobalSection(ExtensibilityGlobals) = postSolution
		SolutionGuid = {93D1F772-211B-4DEF-ABDD-C68B34C10282}
	EndGlobalSection
EndGlobal
